
Microsoft Visual Studio Solution File, Format Version 12.00
# Visual Studio Version 17
VisualStudioVersion = 17.13.35931.197
MinimumVisualStudioVersion = 10.0.40219.1
Project("{FAE04EC0-301F-11D3-BF4B-00C04F79EFBC}") = "PBL3.UI", "PBL3.UI\PBL3.UI.csproj", "{8F5C6187-F6F6-4D81-9A3E-6CE3EE2A2FBC}"
EndProject
Project("{FAE04EC0-301F-11D3-BF4B-00C04F79EFBC}") = "PBL3.DAL", "PBL3.DAL\PBL3.DAL.csproj", "{BD462E79-4AE9-4A07-9EF9-58AFB1023442}"
EndProject
Project("{FAE04EC0-301F-11D3-BF4B-00C04F79EFBC}") = "PBL3.BLL", "PBL3.BLL\PBL3.BLL.csproj", "{0A2703A8-135A-4C65-BD7D-556C361692A5}"
EndProject
Project("{FAE04EC0-301F-11D3-BF4B-00C04F79EFBC}") = "PBL3.DTO", "PBL3.DTO\PBL3.DTO.csproj", "{7F8B716E-64C6-4E9E-A9CB-6A1E55E565A4}"
EndProject
Global
	GlobalSection(SolutionConfigurationPlatforms) = preSolution
		Debug|Any CPU = Debug|Any CPU
		Release|Any CPU = Release|Any CPU
	EndGlobalSection
	GlobalSection(ProjectConfigurationPlatforms) = postSolution
		{8F5C6187-F6F6-4D81-9A3E-6CE3EE2A2FBC}.Debug|Any CPU.ActiveCfg = Debug|Any CPU
		{8F5C6187-F6F6-4D81-9A3E-6CE3EE2A2FBC}.Debug|Any CPU.Build.0 = Debug|Any CPU
		{8F5C6187-F6F6-4D81-9A3E-6CE3EE2A2FBC}.Release|Any CPU.ActiveCfg = Release|Any CPU
		{8F5C6187-F6F6-4D81-9A3E-6CE3EE2A2FBC}.Release|Any CPU.Build.0 = Release|Any CPU
		{BD462E79-4AE9-4A07-9EF9-58AFB1023442}.Debug|Any CPU.ActiveCfg = Debug|Any CPU
		{BD462E79-4AE9-4A07-9EF9-58AFB1023442}.Debug|Any CPU.Build.0 = Debug|Any CPU
		{BD462E79-4AE9-4A07-9EF9-58AFB1023442}.Release|Any CPU.ActiveCfg = Release|Any CPU
		{BD462E79-4AE9-4A07-9EF9-58AFB1023442}.Release|Any CPU.Build.0 = Release|Any CPU
		{0A2703A8-135A-4C65-BD7D-556C361692A5}.Debug|Any CPU.ActiveCfg = Debug|Any CPU
		{0A2703A8-135A-4C65-BD7D-556C361692A5}.Debug|Any CPU.Build.0 = Debug|Any CPU
		{0A2703A8-135A-4C65-BD7D-556C361692A5}.Release|Any CPU.ActiveCfg = Release|Any CPU
		{0A2703A8-135A-4C65-BD7D-556C361692A5}.Release|Any CPU.Build.0 = Release|Any CPU
		{7F8B716E-64C6-4E9E-A9CB-6A1E55E565A4}.Debug|Any CPU.ActiveCfg = Debug|Any CPU
		{7F8B716E-64C6-4E9E-A9CB-6A1E55E565A4}.Debug|Any CPU.Build.0 = Debug|Any CPU
		{7F8B716E-64C6-4E9E-A9CB-6A1E55E565A4}.Release|Any CPU.ActiveCfg = Release|Any CPU
		{7F8B716E-64C6-4E9E-A9CB-6A1E55E565A4}.Release|Any CPU.Build.0 = Release|Any CPU
	EndGlobalSection
	GlobalSection(SolutionProperties) = preSolution
		HideSolutionNode = FALSE
	EndGlobalSection
	GlobalSection(ExtensibilityGlobals) = postSolution
		SolutionGuid = {351A53B8-C32F-4E32-83CE-A3173517FC9B}
	EndGlobalSection
EndGlobal
